{
    "_readme": [
        "This file locks the dependencies of your project to a known state",
        "Read more about it at https://getcomposer.org/doc/01-basic-usage.md#composer-lock-the-lock-file",
        "This file is @generated automatically"
    ],
    "content-hash": "70255736df0a39feabc764244f4e6132",
    "packages": [
        {
            "name": "coldume/imagecraft",
            "version": "v1.0.5",
            "source": {
                "type": "git",
                "url": "https://github.com/coldume/imagecraft.git",
                "reference": "2c9ab5174ebae6733673f14b01a776c1eda66489"
            },
            "dist": {
                "type": "zip",
                "url": "https://api.github.com/repos/coldume/imagecraft/zipball/2c9ab5174ebae6733673f14b01a776c1eda66489",
                "reference": "2c9ab5174ebae6733673f14b01a776c1eda66489",
                "shasum": ""
            },
            "require": {
                "coldume/imc-stream": "~1.0",
                "coldume/translated-exception": "~1.0",
                "php": ">=5.4.0",
                "symfony/event-dispatcher": "~2.4"
            },
            "require-dev": {
                "phpunit/phpunit": "~4.3"
            },
            "type": "library",
            "extra": {
                "branch-alias": {
                    "dev-develop": "1.1.x-dev"
                }
            },
            "autoload": {
                "psr-4": {
                    "Imagecraft\\": "src/"
                }
            },
            "notification-url": "https://packagist.org/downloads/",
            "license": [
                "MIT"
            ],
            "authors": [
                {
                    "name": "Xianghan Wang",
                    "email": "coldume@gmail.com"
                }
            ],
            "description": "A reliable and extensible PHP image manipulation library",
            "homepage": "https://github.com/coldume/imagecraft",
            "keywords": [
                "animation",
                "gd",
                "image",
                "resize",
                "thumbnail",
                "watermark"
            ],
            "time": "2016-03-02T04:54:42+00:00"
        },
        {
            "name": "coldume/imc-stream",
            "version": "v1.0.2",
            "source": {
                "type": "git",
                "url": "https://github.com/coldume/imc-stream.git",
                "reference": "d3681725e31e4f5974b7530e32f5ca7e77fabccf"
            },
            "dist": {
                "type": "zip",
                "url": "https://api.github.com/repos/coldume/imc-stream/zipball/d3681725e31e4f5974b7530e32f5ca7e77fabccf",
                "reference": "d3681725e31e4f5974b7530e32f5ca7e77fabccf",
                "shasum": ""
            },
            "require": {
                "coldume/translated-exception": "~1.0",
                "php": ">=5.4.0"
            },
            "require-dev": {
                "phpunit/phpunit": "~4.3"
            },
            "type": "library",
            "extra": {
                "branch-alias": {
                    "dev-develop": "1.1.x-dev"
                }
            },
            "autoload": {
                "psr-4": {
                    "ImcStream\\": "src/"
                }
            },
            "notification-url": "https://packagist.org/downloads/",
            "license": [
                "MIT"
            ],
            "authors": [
                {
                    "name": "Xianghan Wang",
                    "email": "coldume@gmail.com"
                }
            ],
            "description": "Provide an abstract layer for data stream",
            "homepage": "https://github.com/coldume/imc-stream",
            "keywords": [
                "cache",
                "stream"
            ],
            "time": "2015-10-14T03:02:47+00:00"
        },
        {
            "name": "coldume/translated-exception",
            "version": "v1.0.0",
            "source": {
                "type": "git",
                "url": "https://github.com/coldume/translated-exception.git",
                "reference": "8fd453f5c0551a2c2307c30182532479d1e6206d"
            },
            "dist": {
                "type": "zip",
                "url": "https://api.github.com/repos/coldume/translated-exception/zipball/8fd453f5c0551a2c2307c30182532479d1e6206d",
                "reference": "8fd453f5c0551a2c2307c30182532479d1e6206d",
                "shasum": ""
            },
            "require": {
                "php": ">=5.4.0",
                "symfony/config": "~2.4",
                "symfony/translation": "~2.4"
            },
            "require-dev": {
                "phpunit/phpunit": "~4.3"
            },
            "type": "library",
            "extra": {
                "branch-alias": {
                    "dev-develop": "1.1.x-dev"
                }
            },
            "autoload": {
                "psr-4": {
                    "TranslatedException\\": "src/"
                }
            },
            "notification-url": "https://packagist.org/downloads/",
            "license": [
                "MIT"
            ],
            "authors": [
                {
                    "name": "Xianghan Wang",
                    "email": "coldume@gmail.com"
                }
            ],
            "description": "Automatic exception message translation",
            "homepage": "https://github.com/coldume/translated-exception",
            "keywords": [
                "exception",
                "translation"
            ],
            "time": "2014-10-24T15:09:45+00:00"
        },
        {
            "name": "dframe/dframe",
            "version": "dev-master",
            "source": {
                "type": "git",
                "url": "https://github.com/dframe/dframe.git",
                "reference": "f0155bbd2453d83d5914133e507d55e511bedcbc"
            },
            "dist": {
                "type": "zip",
                "url": "https://api.github.com/repos/dframe/dframe/zipball/f0155bbd2453d83d5914133e507d55e511bedcbc",
                "reference": "f0155bbd2453d83d5914133e507d55e511bedcbc",
                "shasum": ""
            },
            "require": {
                "php": ">=5.6"
            },
            "suggest": {
                "kriswallsmith/assetic": "^1.4",
                "natxet/CssMin": "^3.0",
                "patchwork/jsqueeze": "^2.0",
                "ptachoire/cssembed": "^1.0",
                "smarty/smarty": "^3.1"
            },
            "type": "library",
            "autoload": {
                "psr-4": {
                    "Dframe\\": "src"
                },
                "files": [
                    "src/Functions.php"
                ]
            },
            "notification-url": "https://packagist.org/downloads/",
            "license": [
                "MIT"
            ],
            "authors": [
                {
                    "name": "Slawek Kaleta",
                    "email": "slaszka@gmail.com"
                }
            ],
            "description": "Framework Dframe",
            "keywords": [
                "dframe",
                "framework",
                "mvc"
            ],
            "time": "2018-02-08 11:40:29"
        },
        {
            "name": "league/flysystem",
            "version": "1.0.42",
            "source": {
                "type": "git",
                "url": "https://github.com/thephpleague/flysystem.git",
                "reference": "09eabc54e199950041aef258a85847676496fe8e"
            },
            "dist": {
                "type": "zip",
                "url": "https://api.github.com/repos/thephpleague/flysystem/zipball/09eabc54e199950041aef258a85847676496fe8e",
                "reference": "09eabc54e199950041aef258a85847676496fe8e",
                "shasum": ""
            },
            "require": {
                "php": ">=5.5.9"
            },
            "conflict": {
                "league/flysystem-sftp": "<1.0.6"
            },
            "require-dev": {
                "ext-fileinfo": "*",
                "phpspec/phpspec": "^3.4",
                "phpunit/phpunit": "^5.7"
            },
            "suggest": {
                "ext-fileinfo": "Required for MimeType",
                "ext-ftp": "Allows you to use FTP server storage",
                "ext-openssl": "Allows you to use FTPS server storage",
                "league/flysystem-aws-s3-v2": "Allows you to use S3 storage with AWS SDK v2",
                "league/flysystem-aws-s3-v3": "Allows you to use S3 storage with AWS SDK v3",
                "league/flysystem-azure": "Allows you to use Windows Azure Blob storage",
                "league/flysystem-cached-adapter": "Flysystem adapter decorator for metadata caching",
                "league/flysystem-eventable-filesystem": "Allows you to use EventableFilesystem",
                "league/flysystem-rackspace": "Allows you to use Rackspace Cloud Files",
                "league/flysystem-sftp": "Allows you to use SFTP server storage via phpseclib",
                "league/flysystem-webdav": "Allows you to use WebDAV storage",
                "league/flysystem-ziparchive": "Allows you to use ZipArchive adapter",
                "spatie/flysystem-dropbox": "Allows you to use Dropbox storage",
                "srmklive/flysystem-dropbox-v2": "Allows you to use Dropbox storage for PHP 5 applications"
            },
            "type": "library",
            "extra": {
                "branch-alias": {
                    "dev-master": "1.1-dev"
                }
            },
            "autoload": {
                "psr-4": {
                    "League\\Flysystem\\": "src/"
                }
            },
            "notification-url": "https://packagist.org/downloads/",
            "license": [
                "MIT"
            ],
            "authors": [
                {
                    "name": "Frank de Jonge",
                    "email": "info@frenky.net"
                }
            ],
            "description": "Filesystem abstraction: Many filesystems, one API.",
            "keywords": [
                "Cloud Files",
                "WebDAV",
                "abstraction",
                "aws",
                "cloud",
                "copy.com",
                "dropbox",
                "file systems",
                "files",
                "filesystem",
                "filesystems",
                "ftp",
                "rackspace",
                "remote",
                "s3",
                "sftp",
                "storage"
            ],
            "time": "2018-01-27T16:03:56+00:00"
        },
        {
            "name": "symfony/config",
            "version": "v2.8.34",
            "source": {
                "type": "git",
                "url": "https://github.com/symfony/config.git",
                "reference": "17605ff58313d9fe94e507620a399721fc347b6d"
            },
            "dist": {
                "type": "zip",
                "url": "https://api.github.com/repos/symfony/config/zipball/17605ff58313d9fe94e507620a399721fc347b6d",
                "reference": "17605ff58313d9fe94e507620a399721fc347b6d",
                "shasum": ""
            },
            "require": {
                "php": ">=5.3.9",
                "symfony/filesystem": "~2.3|~3.0.0"
            },
            "require-dev": {
                "symfony/yaml": "~2.7|~3.0.0"
            },
            "suggest": {
                "symfony/yaml": "To use the yaml reference dumper"
            },
            "type": "library",
            "extra": {
                "branch-alias": {
                    "dev-master": "2.8-dev"
                }
            },
            "autoload": {
                "psr-4": {
                    "Symfony\\Component\\Config\\": ""
                },
                "exclude-from-classmap": [
                    "/Tests/"
                ]
            },
            "notification-url": "https://packagist.org/downloads/",
            "license": [
                "MIT"
            ],
            "authors": [
                {
                    "name": "Fabien Potencier",
                    "email": "fabien@symfony.com"
                },
                {
                    "name": "Symfony Community",
                    "homepage": "https://symfony.com/contributors"
                }
            ],
            "description": "Symfony Config Component",
            "homepage": "https://symfony.com",
            "time": "2018-01-21T19:03:25+00:00"
        },
        {
            "name": "symfony/event-dispatcher",
            "version": "v2.8.34",
            "source": {
                "type": "git",
                "url": "https://github.com/symfony/event-dispatcher.git",
                "reference": "d64be24fc1eba62f9daace8a8918f797fc8e87cc"
            },
            "dist": {
                "type": "zip",
                "url": "https://api.github.com/repos/symfony/event-dispatcher/zipball/d64be24fc1eba62f9daace8a8918f797fc8e87cc",
                "reference": "d64be24fc1eba62f9daace8a8918f797fc8e87cc",
                "shasum": ""
            },
            "require": {
                "php": ">=5.3.9"
            },
            "require-dev": {
                "psr/log": "~1.0",
                "symfony/config": "^2.0.5|~3.0.0",
                "symfony/dependency-injection": "~2.6|~3.0.0",
                "symfony/expression-language": "~2.6|~3.0.0",
                "symfony/stopwatch": "~2.3|~3.0.0"
            },
            "suggest": {
                "symfony/dependency-injection": "",
                "symfony/http-kernel": ""
            },
            "type": "library",
            "extra": {
                "branch-alias": {
                    "dev-master": "2.8-dev"
                }
            },
            "autoload": {
                "psr-4": {
                    "Symfony\\Component\\EventDispatcher\\": ""
                },
                "exclude-from-classmap": [
                    "/Tests/"
                ]
            },
            "notification-url": "https://packagist.org/downloads/",
            "license": [
                "MIT"
            ],
            "authors": [
                {
                    "name": "Fabien Potencier",
                    "email": "fabien@symfony.com"
                },
                {
                    "name": "Symfony Community",
                    "homepage": "https://symfony.com/contributors"
                }
            ],
            "description": "Symfony EventDispatcher Component",
            "homepage": "https://symfony.com",
            "time": "2018-01-03T07:36:31+00:00"
        },
        {
            "name": "symfony/filesystem",
            "version": "v3.0.9",
            "source": {
                "type": "git",
                "url": "https://github.com/symfony/filesystem.git",
                "reference": "b2da5009d9bacbd91d83486aa1f44c793a8c380d"
            },
            "dist": {
                "type": "zip",
                "url": "https://api.github.com/repos/symfony/filesystem/zipball/b2da5009d9bacbd91d83486aa1f44c793a8c380d",
                "reference": "b2da5009d9bacbd91d83486aa1f44c793a8c380d",
                "shasum": ""
            },
            "require": {
                "php": ">=5.5.9"
            },
            "type": "library",
            "extra": {
                "branch-alias": {
                    "dev-master": "3.0-dev"
                }
            },
            "autoload": {
                "psr-4": {
                    "Symfony\\Component\\Filesystem\\": ""
                },
                "exclude-from-classmap": [
                    "/Tests/"
                ]
            },
            "notification-url": "https://packagist.org/downloads/",
            "license": [
                "MIT"
            ],
            "authors": [
                {
                    "name": "Fabien Potencier",
                    "email": "fabien@symfony.com"
                },
                {
                    "name": "Symfony Community",
                    "homepage": "https://symfony.com/contributors"
                }
            ],
            "description": "Symfony Filesystem Component",
            "homepage": "https://symfony.com",
            "time": "2016-07-20T05:43:46+00:00"
        },
        {
            "name": "symfony/polyfill-mbstring",
            "version": "v1.7.0",
            "source": {
                "type": "git",
                "url": "https://github.com/symfony/polyfill-mbstring.git",
                "reference": "78be803ce01e55d3491c1397cf1c64beb9c1b63b"
            },
            "dist": {
                "type": "zip",
                "url": "https://api.github.com/repos/symfony/polyfill-mbstring/zipball/78be803ce01e55d3491c1397cf1c64beb9c1b63b",
                "reference": "78be803ce01e55d3491c1397cf1c64beb9c1b63b",
                "shasum": ""
            },
            "require": {
                "php": ">=5.3.3"
            },
            "suggest": {
                "ext-mbstring": "For best performance"
            },
            "type": "library",
            "extra": {
                "branch-alias": {
                    "dev-master": "1.7-dev"
                }
            },
            "autoload": {
                "psr-4": {
                    "Symfony\\Polyfill\\Mbstring\\": ""
                },
                "files": [
                    "bootstrap.php"
                ]
            },
            "notification-url": "https://packagist.org/downloads/",
            "license": [
                "MIT"
            ],
            "authors": [
                {
                    "name": "Nicolas Grekas",
                    "email": "p@tchwork.com"
                },
                {
                    "name": "Symfony Community",
                    "homepage": "https://symfony.com/contributors"
                }
            ],
            "description": "Symfony polyfill for the Mbstring extension",
            "homepage": "https://symfony.com",
            "keywords": [
                "compatibility",
                "mbstring",
                "polyfill",
                "portable",
                "shim"
            ],
            "time": "2018-01-30T19:27:44+00:00"
        },
        {
            "name": "symfony/translation",
            "version": "v2.8.34",
            "source": {
                "type": "git",
                "url": "https://github.com/symfony/translation.git",
                "reference": "72235c1121ae282254e897e342c001f3d4bb7e8d"
            },
            "dist": {
                "type": "zip",
                "url": "https://api.github.com/repos/symfony/translation/zipball/72235c1121ae282254e897e342c001f3d4bb7e8d",
                "reference": "72235c1121ae282254e897e342c001f3d4bb7e8d",
                "shasum": ""
            },
            "require": {
                "php": ">=5.3.9",
                "symfony/polyfill-mbstring": "~1.0"
            },
            "conflict": {
                "symfony/config": "<2.7"
            },
            "require-dev": {
                "psr/log": "~1.0",
                "symfony/config": "~2.8",
                "symfony/intl": "~2.7.25|^2.8.18|~3.2.5",
                "symfony/yaml": "~2.2|~3.0.0"
            },
            "suggest": {
                "psr/log": "To use logging capability in translator",
                "symfony/config": "",
                "symfony/yaml": ""
            },
            "type": "library",
            "extra": {
                "branch-alias": {
                    "dev-master": "2.8-dev"
                }
            },
            "autoload": {
                "psr-4": {
                    "Symfony\\Component\\Translation\\": ""
                },
                "exclude-from-classmap": [
                    "/Tests/"
                ]
            },
            "notification-url": "https://packagist.org/downloads/",
            "license": [
                "MIT"
            ],
            "authors": [
                {
                    "name": "Fabien Potencier",
                    "email": "fabien@symfony.com"
                },
                {
                    "name": "Symfony Community",
                    "homepage": "https://symfony.com/contributors"
                }
            ],
            "description": "Symfony Translation Component",
            "homepage": "https://symfony.com",
            "time": "2018-01-18T13:56:23+00:00"
        }
    ],
    "packages-dev": [],
    "aliases": [],
    "minimum-stability": "stable",
    "stability-flags": {
        "dframe/dframe": 20
    },
    "prefer-stable": false,
    "prefer-lowest": false,
    "platform": [],
    "platform-dev": []
}
